// !$*UTF8*$!
{
	archiveVersion = 1;
	classes = {
	};
	objectVersion = 56;
	objects = {

/* Begin PBXBuildFile section */
		320C03D529E7BC0F00C81AE4 /* EmpleadoModel.swift in Sources */ = {isa = PBXBuildFile; fileRef = 320C03D429E7BC0F00C81AE4 /* EmpleadoModel.swift */; };
		320C03D729E7BCD800C81AE4 /* MaestrosModel.swift in Sources */ = {isa = PBXBuildFile; fileRef = 320C03D629E7BCD800C81AE4 /* MaestrosModel.swift */; };
		320C03D929E7BCEF00C81AE4 /* APIRestModel.swift in Sources */ = {isa = PBXBuildFile; fileRef = 320C03D829E7BCEF00C81AE4 /* APIRestModel.swift */; };
		320C03DB29E7BD0800C81AE4 /* Interface.swift in Sources */ = {isa = PBXBuildFile; fileRef = 320C03DA29E7BD0800C81AE4 /* Interface.swift */; };
		320C03DD29E7BD4300C81AE4 /* Persistence.swift in Sources */ = {isa = PBXBuildFile; fileRef = 320C03DC29E7BD4300C81AE4 /* Persistence.swift */; };
		320C03DF29E7BD5200C81AE4 /* PersistenceCombine.swift in Sources */ = {isa = PBXBuildFile; fileRef = 320C03DE29E7BD5200C81AE4 /* PersistenceCombine.swift */; };
		320C03E129E7BD6A00C81AE4 /* EmpleadoVM.swift in Sources */ = {isa = PBXBuildFile; fileRef = 320C03E029E7BD6A00C81AE4 /* EmpleadoVM.swift */; };
		320C03E329E7BD7800C81AE4 /* EmpleadoCVM.swift in Sources */ = {isa = PBXBuildFile; fileRef = 320C03E229E7BD7800C81AE4 /* EmpleadoCVM.swift */; };
		320C03E529E7BD9100C81AE4 /* RefreshButton.swift in Sources */ = {isa = PBXBuildFile; fileRef = 320C03E429E7BD9100C81AE4 /* RefreshButton.swift */; };
		3273626A29EB337400B537BC /* departamentos.json in Resources */ = {isa = PBXBuildFile; fileRef = 3273626729EB337400B537BC /* departamentos.json */; };
		3273626B29EB337400B537BC /* empleadosTest.json in Resources */ = {isa = PBXBuildFile; fileRef = 3273626829EB337400B537BC /* empleadosTest.json */; };
		3273626C29EB337400B537BC /* generos.json in Resources */ = {isa = PBXBuildFile; fileRef = 3273626929EB337400B537BC /* generos.json */; };
		3273626E29EB37A500B537BC /* PersistenceTests.swift in Sources */ = {isa = PBXBuildFile; fileRef = 3273626D29EB37A500B537BC /* PersistenceTests.swift */; };
		329FCAD829E486A300BD9C11 /* EmpleadosAPIApp.swift in Sources */ = {isa = PBXBuildFile; fileRef = 329FCAD729E486A300BD9C11 /* EmpleadosAPIApp.swift */; };
		329FCADA29E486A300BD9C11 /* ContentView.swift in Sources */ = {isa = PBXBuildFile; fileRef = 329FCAD929E486A300BD9C11 /* ContentView.swift */; };
		329FCADC29E486A500BD9C11 /* Assets.xcassets in Resources */ = {isa = PBXBuildFile; fileRef = 329FCADB29E486A500BD9C11 /* Assets.xcassets */; };
		329FCADF29E486A500BD9C11 /* Preview Assets.xcassets in Resources */ = {isa = PBXBuildFile; fileRef = 329FCADE29E486A500BD9C11 /* Preview Assets.xcassets */; };
/* End PBXBuildFile section */

/* Begin PBXFileReference section */
		320C03D429E7BC0F00C81AE4 /* EmpleadoModel.swift */ = {isa = PBXFileReference; lastKnownFileType = sourcecode.swift; path = EmpleadoModel.swift; sourceTree = "<group>"; };
		320C03D629E7BCD800C81AE4 /* MaestrosModel.swift */ = {isa = PBXFileReference; lastKnownFileType = sourcecode.swift; path = MaestrosModel.swift; sourceTree = "<group>"; };
		320C03D829E7BCEF00C81AE4 /* APIRestModel.swift */ = {isa = PBXFileReference; lastKnownFileType = sourcecode.swift; path = APIRestModel.swift; sourceTree = "<group>"; };
		320C03DA29E7BD0800C81AE4 /* Interface.swift */ = {isa = PBXFileReference; lastKnownFileType = sourcecode.swift; path = Interface.swift; sourceTree = "<group>"; };
		320C03DC29E7BD4300C81AE4 /* Persistence.swift */ = {isa = PBXFileReference; lastKnownFileType = sourcecode.swift; path = Persistence.swift; sourceTree = "<group>"; };
		320C03DE29E7BD5200C81AE4 /* PersistenceCombine.swift */ = {isa = PBXFileReference; lastKnownFileType = sourcecode.swift; path = PersistenceCombine.swift; sourceTree = "<group>"; };
		320C03E029E7BD6A00C81AE4 /* EmpleadoVM.swift */ = {isa = PBXFileReference; lastKnownFileType = sourcecode.swift; path = EmpleadoVM.swift; sourceTree = "<group>"; };
		320C03E229E7BD7800C81AE4 /* EmpleadoCVM.swift */ = {isa = PBXFileReference; lastKnownFileType = sourcecode.swift; path = EmpleadoCVM.swift; sourceTree = "<group>"; };
		320C03E429E7BD9100C81AE4 /* RefreshButton.swift */ = {isa = PBXFileReference; lastKnownFileType = sourcecode.swift; path = RefreshButton.swift; sourceTree = "<group>"; };
		3273626729EB337400B537BC /* departamentos.json */ = {isa = PBXFileReference; fileEncoding = 4; lastKnownFileType = text.json; path = departamentos.json; sourceTree = "<group>"; };
		3273626829EB337400B537BC /* empleadosTest.json */ = {isa = PBXFileReference; fileEncoding = 4; lastKnownFileType = text.json; path = empleadosTest.json; sourceTree = "<group>"; };
		3273626929EB337400B537BC /* generos.json */ = {isa = PBXFileReference; fileEncoding = 4; lastKnownFileType = text.json; path = generos.json; sourceTree = "<group>"; };
		3273626D29EB37A500B537BC /* PersistenceTests.swift */ = {isa = PBXFileReference; fileEncoding = 4; lastKnownFileType = sourcecode.swift; path = PersistenceTests.swift; sourceTree = "<group>"; };
		329FCAD429E486A300BD9C11 /* EmpleadosAPI.app */ = {isa = PBXFileReference; explicitFileType = wrapper.application; includeInIndex = 0; path = EmpleadosAPI.app; sourceTree = BUILT_PRODUCTS_DIR; };
		329FCAD729E486A300BD9C11 /* EmpleadosAPIApp.swift */ = {isa = PBXFileReference; lastKnownFileType = sourcecode.swift; path = EmpleadosAPIApp.swift; sourceTree = "<group>"; };
		329FCAD929E486A300BD9C11 /* ContentView.swift */ = {isa = PBXFileReference; lastKnownFileType = sourcecode.swift; path = ContentView.swift; sourceTree = "<group>"; };
		329FCADB29E486A500BD9C11 /* Assets.xcassets */ = {isa = PBXFileReference; lastKnownFileType = folder.assetcatalog; path = Assets.xcassets; sourceTree = "<group>"; };
		329FCADE29E486A500BD9C11 /* Preview Assets.xcassets */ = {isa = PBXFileReference; lastKnownFileType = folder.assetcatalog; path = "Preview Assets.xcassets"; sourceTree = "<group>"; };
/* End PBXFileReference section */

/* Begin PBXFrameworksBuildPhase section */
		329FCAD129E486A300BD9C11 /* Frameworks */ = {
			isa = PBXFrameworksBuildPhase;
			buildActionMask = 2147483647;
			files = (
			);
			runOnlyForDeploymentPostprocessing = 0;
		};
/* End PBXFrameworksBuildPhase section */

/* Begin PBXGroup section */
		320C03D029E7B3DD00C81AE4 /* Models */ = {
			isa = PBXGroup;
			children = (
				320C03D429E7BC0F00C81AE4 /* EmpleadoModel.swift */,
				320C03D629E7BCD800C81AE4 /* MaestrosModel.swift */,
				320C03D829E7BCEF00C81AE4 /* APIRestModel.swift */,
			);
			name = Models;
			sourceTree = "<group>";
		};
		320C03D129E7B3EB00C81AE4 /* Network */ = {
			isa = PBXGroup;
			children = (
				320C03DA29E7BD0800C81AE4 /* Interface.swift */,
				320C03DC29E7BD4300C81AE4 /* Persistence.swift */,
				320C03DE29E7BD5200C81AE4 /* PersistenceCombine.swift */,
			);
			name = Network;
			sourceTree = "<group>";
		};
		320C03D229E7B3FC00C81AE4 /* Components */ = {
			isa = PBXGroup;
			children = (
				320C03E429E7BD9100C81AE4 /* RefreshButton.swift */,
			);
			name = Components;
			sourceTree = "<group>";
		};
		320C03D329E7B41600C81AE4 /* ViewModels */ = {
			isa = PBXGroup;
			children = (
				320C03E029E7BD6A00C81AE4 /* EmpleadoVM.swift */,
				320C03E229E7BD7800C81AE4 /* EmpleadoCVM.swift */,
			);
			name = ViewModels;
			sourceTree = "<group>";
		};
		329FCACB29E486A300BD9C11 = {
			isa = PBXGroup;
			children = (
				329FCAD629E486A300BD9C11 /* EmpleadosAPI */,
				329FCAD529E486A300BD9C11 /* Products */,
			);
			sourceTree = "<group>";
		};
		329FCAD529E486A300BD9C11 /* Products */ = {
			isa = PBXGroup;
			children = (
				329FCAD429E486A300BD9C11 /* EmpleadosAPI.app */,
			);
			name = Products;
			sourceTree = "<group>";
		};
		329FCAD629E486A300BD9C11 /* EmpleadosAPI */ = {
			isa = PBXGroup;
			children = (
				329FCAD729E486A300BD9C11 /* EmpleadosAPIApp.swift */,
				329FCAD929E486A300BD9C11 /* ContentView.swift */,
				320C03D329E7B41600C81AE4 /* ViewModels */,
				320C03D129E7B3EB00C81AE4 /* Network */,
				320C03D029E7B3DD00C81AE4 /* Models */,
				320C03D229E7B3FC00C81AE4 /* Components */,
				329FCADB29E486A500BD9C11 /* Assets.xcassets */,
				329FCADD29E486A500BD9C11 /* Preview Content */,
			);
			path = EmpleadosAPI;
			sourceTree = "<group>";
		};
		329FCADD29E486A500BD9C11 /* Preview Content */ = {
			isa = PBXGroup;
			children = (
				329FCADE29E486A500BD9C11 /* Preview Assets.xcassets */,
				3273626729EB337400B537BC /* departamentos.json */,
				3273626829EB337400B537BC /* empleadosTest.json */,
				3273626929EB337400B537BC /* generos.json */,
				3273626D29EB37A500B537BC /* PersistenceTests.swift */,
			);
			path = "Preview Content";
			sourceTree = "<group>";
		};
/* End PBXGroup section */

/* Begin PBXNativeTarget section */
		329FCAD329E486A300BD9C11 /* EmpleadosAPI */ = {
			isa = PBXNativeTarget;
			buildConfigurationList = 329FCAE229E486A500BD9C11 /* Build configuration list for PBXNativeTarget "EmpleadosAPI" */;
			buildPhases = (
				329FCAD029E486A300BD9C11 /* Sources */,
				329FCAD129E486A300BD9C11 /* Frameworks */,
				329FCAD229E486A300BD9C11 /* Resources */,
			);
			buildRules = (
			);
			dependencies = (
			);
			name = EmpleadosAPI;
			productName = EmpleadosAPI;
			productReference = 329FCAD429E486A300BD9C11 /* EmpleadosAPI.app */;
			productType = "com.apple.product-type.application";
		};
/* End PBXNativeTarget section */

/* Begin PBXProject section */
		329FCACC29E486A300BD9C11 /* Project object */ = {
			isa = PBXProject;
			attributes = {
				BuildIndependentTargetsInParallel = 1;
				LastSwiftUpdateCheck = 1430;
				LastUpgradeCheck = 1430;
				TargetAttributes = {
					329FCAD329E486A300BD9C11 = {
						CreatedOnToolsVersion = 14.3;
					};
				};
			};
			buildConfigurationList = 329FCACF29E486A300BD9C11 /* Build configuration list for PBXProject "EmpleadosAPI" */;
			compatibilityVersion = "Xcode 14.0";
			developmentRegion = en;
			hasScannedForEncodings = 0;
			knownRegions = (
				en,
				Base,
			);
			mainGroup = 329FCACB29E486A300BD9C11;
			productRefGroup = 329FCAD529E486A300BD9C11 /* Products */;
			projectDirPath = "";
			projectRoot = "";
			targets = (
				329FCAD329E486A300BD9C11 /* EmpleadosAPI */,
			);
		};
/* End PBXProject section */

/* Begin PBXResourcesBuildPhase section */
		329FCAD229E486A300BD9C11 /* Resources */ = {
			isa = PBXResourcesBuildPhase;
			buildActionMask = 2147483647;
			files = (
				3273626B29EB337400B537BC /* empleadosTest.json in Resources */,
				3273626A29EB337400B537BC /* departamentos.json in Resources */,
				329FCADF29E486A500BD9C11 /* Preview Assets.xcassets in Resources */,
				3273626C29EB337400B537BC /* generos.json in Resources */,
				329FCADC29E486A500BD9C11 /* Assets.xcassets in Resources */,
			);
			runOnlyForDeploymentPostprocessing = 0;
		};
/* End PBXResourcesBuildPhase section */

/* Begin PBXSourcesBuildPhase section */
		329FCAD029E486A300BD9C11 /* Sources */ = {
			isa = PBXSourcesBuildPhase;
			buildActionMask = 2147483647;
			files = (
				329FCADA29E486A300BD9C11 /* ContentView.swift in Sources */,
				320C03D729E7BCD800C81AE4 /* MaestrosModel.swift in Sources */,
				329FCAD829E486A300BD9C11 /* EmpleadosAPIApp.swift in Sources */,
				320C03E529E7BD9100C81AE4 /* RefreshButton.swift in Sources */,
				320C03E129E7BD6A00C81AE4 /* EmpleadoVM.swift in Sources */,
				320C03DD29E7BD4300C81AE4 /* Persistence.swift in Sources */,
				320C03E329E7BD7800C81AE4 /* EmpleadoCVM.swift in Sources */,
				320C03D929E7BCEF00C81AE4 /* APIRestModel.swift in Sources */,
				320C03DF29E7BD5200C81AE4 /* PersistenceCombine.swift in Sources */,
				3273626E29EB37A500B537BC /* PersistenceTests.swift in Sources */,
				320C03D529E7BC0F00C81AE4 /* EmpleadoModel.swift in Sources */,
				320C03DB29E7BD0800C81AE4 /* Interface.swift in Sources */,
			);
			runOnlyForDeploymentPostprocessing = 0;
		};
/* End PBXSourcesBuildPhase section */

/* Begin XCBuildConfiguration section */
		329FCAE029E486A500BD9C11 /* Debug */ = {
			isa = XCBuildConfiguration;
			buildSettings = {
				ALWAYS_SEARCH_USER_PATHS = NO;
				CLANG_ANALYZER_NONNULL = YES;
				CLANG_ANALYZER_NUMBER_OBJECT_CONVERSION = YES_AGGRESSIVE;
				CLANG_CXX_LANGUAGE_STANDARD = "gnu++20";
				CLANG_ENABLE_MODULES = YES;
				CLANG_ENABLE_OBJC_ARC = YES;
				CLANG_ENABLE_OBJC_WEAK = YES;
				CLANG_WARN_BLOCK_CAPTURE_AUTORELEASING = YES;
				CLANG_WARN_BOOL_CONVERSION = YES;
				CLANG_WARN_COMMA = YES;
				CLANG_WARN_CONSTANT_CONVERSION = YES;
				CLANG_WARN_DEPRECATED_OBJC_IMPLEMENTATIONS = YES;
				CLANG_WARN_DIRECT_OBJC_ISA_USAGE = YES_ERROR;
				CLANG_WARN_DOCUMENTATION_COMMENTS = YES;
				CLANG_WARN_EMPTY_BODY = YES;
				CLANG_WARN_ENUM_CONVERSION = YES;
				CLANG_WARN_INFINITE_RECURSION = YES;
				CLANG_WARN_INT_CONVERSION = YES;
				CLANG_WARN_NON_LITERAL_NULL_CONVERSION = YES;
				CLANG_WARN_OBJC_IMPLICIT_RETAIN_SELF = YES;
				CLANG_WARN_OBJC_LITERAL_CONVERSION = YES;
				CLANG_WARN_OBJC_ROOT_CLASS = YES_ERROR;
				CLANG_WARN_QUOTED_INCLUDE_IN_FRAMEWORK_HEADER = YES;
				CLANG_WARN_RANGE_LOOP_ANALYSIS = YES;
				CLANG_WARN_STRICT_PROTOTYPES = YES;
				CLANG_WARN_SUSPICIOUS_MOVE = YES;
				CLANG_WARN_UNGUARDED_AVAILABILITY = YES_AGGRESSIVE;
				CLANG_WARN_UNREACHABLE_CODE = YES;
				CLANG_WARN__DUPLICATE_METHOD_MATCH = YES;
				COPY_PHASE_STRIP = NO;
				DEBUG_INFORMATION_FORMAT = dwarf;
				ENABLE_STRICT_OBJC_MSGSEND = YES;
				ENABLE_TESTABILITY = YES;
				GCC_C_LANGUAGE_STANDARD = gnu11;
				GCC_DYNAMIC_NO_PIC = NO;
				GCC_NO_COMMON_BLOCKS = YES;
				GCC_OPTIMIZATION_LEVEL = 0;
				GCC_PREPROCESSOR_DEFINITIONS = (
					"DEBUG=1",
					"$(inherited)",
				);
				GCC_WARN_64_TO_32_BIT_CONVERSION = YES;
				GCC_WARN_ABOUT_RETURN_TYPE = YES_ERROR;
				GCC_WARN_UNDECLARED_SELECTOR = YES;
				GCC_WARN_UNINITIALIZED_AUTOS = YES_AGGRESSIVE;
				GCC_WARN_UNUSED_FUNCTION = YES;
				GCC_WARN_UNUSED_VARIABLE = YES;
				IPHONEOS_DEPLOYMENT_TARGET = 16.4;
				MTL_ENABLE_DEBUG_INFO = INCLUDE_SOURCE;
				MTL_FAST_MATH = YES;
				ONLY_ACTIVE_ARCH = YES;
				SDKROOT = iphoneos;
				SWIFT_ACTIVE_COMPILATION_CONDITIONS = DEBUG;
				SWIFT_OPTIMIZATION_LEVEL = "-Onone";
			};
			name = Debug;
		};
		329FCAE129E486A500BD9C11 /* Release */ = {
			isa = XCBuildConfiguration;
			buildSettings = {
				ALWAYS_SEARCH_USER_PATHS = NO;
				CLANG_ANALYZER_NONNULL = YES;
				CLANG_ANALYZER_NUMBER_OBJECT_CONVERSION = YES_AGGRESSIVE;
				CLANG_CXX_LANGUAGE_STANDARD = "gnu++20";
				CLANG_ENABLE_MODULES = YES;
				CLANG_ENABLE_OBJC_ARC = YES;
				CLANG_ENABLE_OBJC_WEAK = YES;
				CLANG_WARN_BLOCK_CAPTURE_AUTORELEASING = YES;
				CLANG_WARN_BOOL_CONVERSION = YES;
				CLANG_WARN_COMMA = YES;
				CLANG_WARN_CONSTANT_CONVERSION = YES;
				CLANG_WARN_DEPRECATED_OBJC_IMPLEMENTATIONS = YES;
				CLANG_WARN_DIRECT_OBJC_ISA_USAGE = YES_ERROR;
				CLANG_WARN_DOCUMENTATION_COMMENTS = YES;
				CLANG_WARN_EMPTY_BODY = YES;
				CLANG_WARN_ENUM_CONVERSION = YES;
				CLANG_WARN_INFINITE_RECURSION = YES;
				CLANG_WARN_INT_CONVERSION = YES;
				CLANG_WARN_NON_LITERAL_NULL_CONVERSION = YES;
				CLANG_WARN_OBJC_IMPLICIT_RETAIN_SELF = YES;
				CLANG_WARN_OBJC_LITERAL_CONVERSION = YES;
				CLANG_WARN_OBJC_ROOT_CLASS = YES_ERROR;
				CLANG_WARN_QUOTED_INCLUDE_IN_FRAMEWORK_HEADER = YES;
				CLANG_WARN_RANGE_LOOP_ANALYSIS = YES;
				CLANG_WARN_STRICT_PROTOTYPES = YES;
				CLANG_WARN_SUSPICIOUS_MOVE = YES;
				CLANG_WARN_UNGUARDED_AVAILABILITY = YES_AGGRESSIVE;
				CLANG_WARN_UNREACHABLE_CODE = YES;
				CLANG_WARN__DUPLICATE_METHOD_MATCH = YES;
				COPY_PHASE_STRIP = NO;
				DEBUG_INFORMATION_FORMAT = "dwarf-with-dsym";
				ENABLE_NS_ASSERTIONS = NO;
				ENABLE_STRICT_OBJC_MSGSEND = YES;
				GCC_C_LANGUAGE_STANDARD = gnu11;
				GCC_NO_COMMON_BLOCKS = YES;
				GCC_WARN_64_TO_32_BIT_CONVERSION = YES;
				GCC_WARN_ABOUT_RETURN_TYPE = YES_ERROR;
				GCC_WARN_UNDECLARED_SELECTOR = YES;
				GCC_WARN_UNINITIALIZED_AUTOS = YES_AGGRESSIVE;
				GCC_WARN_UNUSED_FUNCTION = YES;
				GCC_WARN_UNUSED_VARIABLE = YES;
				IPHONEOS_DEPLOYMENT_TARGET = 16.4;
				MTL_ENABLE_DEBUG_INFO = NO;
				MTL_FAST_MATH = YES;
				SDKROOT = iphoneos;
				SWIFT_COMPILATION_MODE = wholemodule;
				SWIFT_OPTIMIZATION_LEVEL = "-O";
				VALIDATE_PRODUCT = YES;
			};
			name = Release;
		};
		329FCAE329E486A500BD9C11 /* Debug */ = {
			isa = XCBuildConfiguration;
			buildSettings = {
				ASSETCATALOG_COMPILER_APPICON_NAME = AppIcon;
				ASSETCATALOG_COMPILER_GLOBAL_ACCENT_COLOR_NAME = AccentColor;
				CODE_SIGN_STYLE = Automatic;
				CURRENT_PROJECT_VERSION = 1;
				DEVELOPMENT_ASSET_PATHS = "\"EmpleadosAPI/Preview Content\"";
				ENABLE_PREVIEWS = YES;
				GENERATE_INFOPLIST_FILE = YES;
				INFOPLIST_KEY_UIApplicationSceneManifest_Generation = YES;
				INFOPLIST_KEY_UIApplicationSupportsIndirectInputEvents = YES;
				INFOPLIST_KEY_UILaunchScreen_Generation = YES;
				INFOPLIST_KEY_UISupportedInterfaceOrientations_iPad = "UIInterfaceOrientationPortrait UIInterfaceOrientationPortraitUpsideDown UIInterfaceOrientationLandscapeLeft UIInterfaceOrientationLandscapeRight";
				INFOPLIST_KEY_UISupportedInterfaceOrientations_iPhone = "UIInterfaceOrientationPortrait UIInterfaceOrientationLandscapeLeft UIInterfaceOrientationLandscapeRight";
				LD_RUNPATH_SEARCH_PATHS = (
					"$(inherited)",
					"@executable_path/Frameworks",
				);
				MARKETING_VERSION = 1.0;
				PRODUCT_BUNDLE_IDENTIFIER = com.devsyncTest.EmpleadosAPI;
				PRODUCT_NAME = "$(TARGET_NAME)";
				SWIFT_EMIT_LOC_STRINGS = YES;
				SWIFT_VERSION = 5.0;
				TARGETED_DEVICE_FAMILY = "1,2";
			};
			name = Debug;
		};
		329FCAE429E486A500BD9C11 /* Release */ = {
			isa = XCBuildConfiguration;
			buildSettings = {
				ASSETCATALOG_COMPILER_APPICON_NAME = AppIcon;
				ASSETCATALOG_COMPILER_GLOBAL_ACCENT_COLOR_NAME = AccentColor;
				CODE_SIGN_STYLE = Automatic;
				CURRENT_PROJECT_VERSION = 1;
				DEVELOPMENT_ASSET_PATHS = "\"EmpleadosAPI/Preview Content\"";
				ENABLE_PREVIEWS = YES;
				GENERATE_INFOPLIST_FILE = YES;
				INFOPLIST_KEY_UIApplicationSceneManifest_Generation = YES;
				INFOPLIST_KEY_UIApplicationSupportsIndirectInputEvents = YES;
				INFOPLIST_KEY_UILaunchScreen_Generation = YES;
				INFOPLIST_KEY_UISupportedInterfaceOrientations_iPad = "UIInterfaceOrientationPortrait UIInterfaceOrientationPortraitUpsideDown UIInterfaceOrientationLandscapeLeft UIInterfaceOrientationLandscapeRight";
				INFOPLIST_KEY_UISupportedInterfaceOrientations_iPhone = "UIInterfaceOrientationPortrait UIInterfaceOrientationLandscapeLeft UIInterfaceOrientationLandscapeRight";
				LD_RUNPATH_SEARCH_PATHS = (
					"$(inherited)",
					"@executable_path/Frameworks",
				);
				MARKETING_VERSION = 1.0;
				PRODUCT_BUNDLE_IDENTIFIER = com.devsyncTest.EmpleadosAPI;
				PRODUCT_NAME = "$(TARGET_NAME)";
				SWIFT_EMIT_LOC_STRINGS = YES;
				SWIFT_VERSION = 5.0;
				TARGETED_DEVICE_FAMILY = "1,2";
			};
			name = Release;
		};
/* End XCBuildConfiguration section */

/* Begin XCConfigurationList section */
		329FCACF29E486A300BD9C11 /* Build configuration list for PBXProject "EmpleadosAPI" */ = {
			isa = XCConfigurationList;
			buildConfigurations = (
				329FCAE029E486A500BD9C11 /* Debug */,
				329FCAE129E486A500BD9C11 /* Release */,
			);
			defaultConfigurationIsVisible = 0;
			defaultConfigurationName = Release;
		};
		329FCAE229E486A500BD9C11 /* Build configuration list for PBXNativeTarget "EmpleadosAPI" */ = {
			isa = XCConfigurationList;
			buildConfigurations = (
				329FCAE329E486A500BD9C11 /* Debug */,
				329FCAE429E486A500BD9C11 /* Release */,
			);
			defaultConfigurationIsVisible = 0;
			defaultConfigurationName = Release;
		};
/* End XCConfigurationList section */
	};
	rootObject = 329FCACC29E486A300BD9C11 /* Project object */;
}
